{
  "name": "Versos-e-Patinhas",
  "lockfileVersion": 3,
  "requires": true,
  "packages": {
    "": {
      "dependencies": {
        "piii": "^4.0.2"
      },
      "devDependencies": {
        "piii-filters": "^1.0.0"
      }
    },
    "node_modules/diacritics": {
      "version": "1.3.0",
      "resolved": "https://registry.npmjs.org/diacritics/-/diacritics-1.3.0.tgz",
      "integrity": "sha512-wlwEkqcsaxvPJML+rDh/2iS824jbREk6DUMUKkEaSlxdYHeS43cClJtsWglvw2RfeXGm6ohKDqsXteJ5sP5enA=="
    },
    "node_modules/escape-string-regexp": {
      "version": "1.0.5",
      "resolved": "https://registry.npmjs.org/escape-string-regexp/-/escape-string-regexp-1.0.5.tgz",
      "integrity": "sha512-vbRorB5FUQWvla16U8R/qgaFIya2qGzwDrNmCZuYKrbdSUMG6I1ZCGQRefkRVhuOkIGVne7BQ35DSfo1qvJqFg==",
      "engines": {
        "node": ">=0.8.0"
      }
    },
    "node_modules/piii": {
      "version": "4.0.2",
      "resolved": "https://registry.npmjs.org/piii/-/piii-4.0.2.tgz",
      "integrity": "sha512-fvX+i7EHmadALeQ7wl5/60YLaX5ogvAwD/gO2DjglusIF//J/4KqanE0A7Fhlwk3Rl08I53v1SB7h+Kv/kiZ+w==",
      "dependencies": {
        "diacritics": "^1.3.0",
        "escape-string-regexp": "^1.0.5"
      }
    },
    "node_modules/piii-filters": {
      "version": "1.0.0",
      "resolved": "https://registry.npmjs.org/piii-filters/-/piii-filters-1.0.0.tgz",
      "integrity": "sha512-+NISkJ6Aqyxx2FG/LM6E8Ylblsth2lhIERbI9cgD6bAMRMFAena9Mxav5zAlMBTEK4sw0BWGah2Wk1/bnHa5Fw==",
      "dev": true
    }
  }
}
